{
  "originHash" : "2e6f1b0e9206478dbf0dd12a35f74562cb1e0efa60df66f116594f050d84c0dd",
  "pins" : [
    {
      "identity" : "llama.swift",
      "kind" : "remoteSourceControl",
      "location" : "https://github.com/mattt/llama.swift",
      "state" : {
        "revision" : "716419d4d7aa542fce301e809cde7234c68ddbc6",
        "version" : "2.10549.0"
      }
    }
  ],
  "version" : 3
}
